version = 1
revision = 3
requires-python = "==3.12.*"

[[package]]
name = "amp-challenge"
version = "0.1.0"
source = { editable = "." }
dependencies = [
    { name = "levenshtein" },
]

[package.metadata]
requires-dist = [{ name = "levenshtein", specifier = ">=0.27.3,<0.28" }]

[[package]]
name = "levenshtein"
version = "0.27.4"
source = { registry = "https://pypi.org/simple" }
dependencies = [
    { name = "rapidfuzz" },
]
sdist = { url = "https://files.pythonhosted.org/packages/ca/d9/5acd910cb9527d6aeba8dbc0a5d1093e72921f2d0ca586a4594660615688/levenshtein-0.27.4.tar.gz", hash = "sha256:3df1c12bf5e485774d6387f3894271ef3724414ecc20dd238ae4d2333e093c83", size = 401198, upload-time = "2026-08-08T20:27:04.375Z" }
wheels = [
    { url = "https://files.pythonhosted.org/packages/cc/a4/f98600264421adecce98d6af45881829cfd2c9cc5e217dd8728c757e53f6/levenshtein-0.27.4-cp312-cp312-macosx_10_13_x86_64.whl", hash = "sha256:75a77c97b3548cc7d244af1c0aeaac1d3182226e4f94e0ff0935789c965398d9", size = 171953, upload-time = "2026-08-08T20:25:51.555Z" },
    { url = "https://files.pythonhosted.org/packages/ff/14/434903134f537705b2df28e41be86a8dc8cd7fa39969998ff9010f5e0a76/levenshtein-0.27.4-cp312-cp312-macosx_11_0_arm64.whl", hash = "sha256:1bd46d86c6f3558136c5e868ae3d99d9bbbe7f07f05162044f53571ceabf532d", size = 160975, upload-time = "2026-08-08T20:25:52.965Z" },
    { url = "https://files.pythonhosted.org/packages/66/de/9b5cbf4fefa53990ae77f62a1dbcf70082bee269a30b7015822f885231e1/levenshtein-0.27.4-cp312-cp312-manylinux_2_24_aarch64.manylinux_2_28_aarch64.whl", hash = "sha256:43d038019f592e54f65c857b36d91d73843ebef51a8fc04d0ad32d322ec7fc16", size = 138463, upload-time = "2026-08-08T20:25:54.502Z" },
    { url = "https://files.pythonhosted.org/packages/61/82/4577747a09af2424da34da91742ff852baaa8c2b517fe88dde6d6aef5173/levenshtein-0.27.4-cp312-cp312-manylinux_2_24_armv7l.manylinux_2_31_armv7l.whl", hash = "sha256:a5daa4a0a9ae82c2800e9ed2df4ce339d21976fa0de68be0e904836b4069d744", size = 117768, upload-time = "2026-08-08T20:25:55.852Z" },
    { url = "https://files.pythonhosted.org/packages/d5/a3/34ce55c6f6accc3f827601635e667b592cd3abb1d93171dcaa0021608f57/levenshtein-0.27.4-cp312-cp312-manylinux_2_24_x86_64.manylinux_2_28_x86_64.whl", hash = "sha256:6b2b97dc4986616e857df440a2a3425525a874b3a3cecea8a6316a73a14d5cec", size = 157588, upload-time = "2026-08-08T20:25:57.125Z" },
    { url = "https://files.pythonhosted.org/packages/be/a8/5ec573866fa96d55eb25433b5ea7e71d64e448b60c6b3f1301879a0e19d6/levenshtein-0.27.4-cp312-cp312-musllinux_1_2_aarch64.whl", hash = "sha256:9da450f1bc0d860c8796b7be0a19a2f3c38eddfbcc7fcc2bb6eeb95f8c16d86c", size = 1121452, upload-time = "2026-08-08T20:25:58.701Z" },
    { url = "https://files.pythonhosted.org/packages/8e/de/f8559c12e88f483ba64e06719d7d8dd0593834c6aa1c424cc044cbcdf4c7/levenshtein-0.27.4-cp312-cp312-musllinux_1_2_armv7l.whl", hash = "sha256:e2061d8aeb940762bfa6f75face75b0c88cad44c3066815ca4038f6720f9b2b1", size = 1012030, upload-time = "2026-08-08T20:26:00.194Z" },
    { url = "https://files.pythonhosted.org/packages/ee/2d/fb08fcd2fa70275d4e5affbb08aaffad854a544a6a8a851ecd8d8b8d7ff4/levenshtein-0.27.4-cp312-cp312-musllinux_1_2_x86_64.whl", hash = "sha256:0c43c9c08aa0f40f5329300838e412b15cd6c4777edd081cf8fd5b3d8b1532c0", size = 1190967, upload-time = "2026-08-08T20:26:01.779Z" },
    { url = "https://files.pythonhosted.org/packages/7d/ad/df9fb70048365871b3f3d850471e351a7ba1c448dcb5003b27519ab4d5a8/levenshtein-0.27.4-cp312-cp312-win32.whl", hash = "sha256:c9956028bf43365f52fbba09ace0a88cfb9e1dac5bfc4251ae78f2c1b5232597", size = 275029, upload-time = "2026-08-08T20:26:03.356Z" },
    { url = "https://files.pythonhosted.org/packages/2b/ce/7860a34c60a4881cd66afebbe990030ea840642146acdbe8093a5be7f8d5/levenshtein-0.27.4-cp312-cp312-win_amd64.whl", hash = "sha256:b6b4e609d558ce8cc5265f101a5961339746311e40827f8c3e4474b4b7a1529b", size = 283650, upload-time = "2026-08-08T20:26:04.656Z" },
    { url = "https://files.pythonhosted.org/packages/c1/76/90d2e98c4524e9e8b210b681f14fc1600d5c53a2293ff20b8c56cada7792/levenshtein-0.27.4-cp312-cp312-win_arm64.whl", hash = "sha256:e617740f81adf395efacbaa9e78257ea231c42071a81732de568295cb775c0bd", size = 451547, upload-time = "2026-08-08T20:26:06.33Z" },
]

[[package]]
name = "rapidfuzz"
version = "3.14.6"
source = { registry = "https://pypi.org/simple" }
sdist = { url = "https://files.pythonhosted.org/packages/18/97/226c43b7b5d957bc3840ed52ea99eed261f99834c4619be7a4742cbaeafa/rapidfuzz-3.14.6.tar.gz", hash = "sha256:e13a8160d017b499ec7a2fa9d0ce1ae2e7377080815785819f966fb235d4eb60", size = 57955060, upload-time = "2026-08-30T21:45:51.097Z" }
wheels = [
    { url = "https://files.pythonhosted.org/packages/03/d2/5a7646b185a61400220e4783d23461c1e864a9ee82ba443b18c218e2364b/rapidfuzz-3.14.6-cp312-cp312-macosx_10_13_x86_64.whl", hash = "sha256:b46cecf27025e7a934332ade033e6a394da8a493f19fa1d835e3b2968a4ff7da", size = 1965178, upload-time = "2026-08-30T21:42:24.164Z" },
    { url = "https://files.pythonhosted.org/packages/8b/72/10fc4e414eeed7963e2f1c315c731cb68196f0478cb244c78a21f5ce8662/rapidfuzz-3.14.6-cp312-cp312-macosx_11_0_arm64.whl", hash = "sha256:1901414b135afb1a7f4b1ef940b95523b49cc5642aecf02af740f37567e98137", size = 1248230, upload-time = "2026-08-30T21:42:26.088Z" },
    { url = "https://files.pythonhosted.org/packages/39/e9/0794043c1a0af09cacdbb6a9e8b9b2079cdf73337e7c29b4a9f117415bb9/rapidfuzz-3.14.6-cp312-cp312-manylinux_2_26_aarch64.manylinux_2_28_aarch64.whl", hash = "sha256:96a548979cd939b2c69358a0f5088a408524fbf7454f04bf90939fa971e64310", size = 1380396, upload-time = "2026-08-30T21:42:27.97Z" },
    { url = "https://files.pythonhosted.org/packages/2f/73/9218cf4424ab86260ee88ebdb612c5ed4d9bfd6b6d1e2f3c3bf4599d13bf/rapidfuzz-3.14.6-cp312-cp312-manylinux_2_26_ppc64le.manylinux_2_28_ppc64le.whl", hash = "sha256:b22ef7e5e2341efc6216b666491022027b984e5aef93446064742f43f3c1d926", size = 1674037, upload-time = "2026-08-30T21:42:29.754Z" },
    { url = "https://files.pythonhosted.org/packages/a1/f5/bad528b6dfc608a48838508f270c79332ab05592703c9a46504ba95e9eab/rapidfuzz-3.14.6-cp312-cp312-manylinux_2_26_s390x.manylinux_2_28_s390x.whl", hash = "sha256:f0d2d95c787d812b9106cfbcb94ad37a49f59df9287e00a75eb61afc246e8759", size = 2722897, upload-time = "2026-08-30T21:42:31.737Z" },
    { url = "https://files.pythonhosted.org/packages/13/da/49ab137f788a0e03e872d4c6b3d5c9c6c6bed4e4ccea381f69c4d186341b/rapidfuzz-3.14.6-cp312-cp312-manylinux_2_27_x86_64.manylinux_2_28_x86_64.whl", hash = "sha256:0debb5f43662ea84d2f0228a0c7407ff647f9c3d13f3b692efff0cde46eebce0", size = 3168023, upload-time = "2026-08-30T21:42:33.663Z" },
    { url = "https://files.pythonhosted.org/packages/59/33/81ca664a15194b8b4a7e863b534e36c057724f9709c7781e9400d0edf024/rapidfuzz-3.14.6-cp312-cp312-manylinux_2_39_riscv64.whl", hash = "sha256:1d253e1fe44648242a0029b42ba23adf238ed2a7eb3d8ed0a03731a23f074ae0", size = 1474666, upload-time = "2026-08-30T21:42:35.5Z" },
    { url = "https://files.pythonhosted.org/packages/87/eb/b16f9f8cc255c8dc7c0d7712aa7e7c12a6fd85c8b2b56665f2a24222a941/rapidfuzz-3.14.6-cp312-cp312-musllinux_1_2_aarch64.whl", hash = "sha256:e06c6050c9bf6cd72305e3e6a293918b2b92cf2a067007585a53898624902e3c", size = 2402289, upload-time = "2026-08-30T21:42:37.309Z" },
    { url = "https://files.pythonhosted.org/packages/4a/73/eaa1ca89f6ab12c0fe7f943226ce4ad1d2c67eb281dfd706279771fcff5a/rapidfuzz-3.14.6-cp312-cp312-musllinux_1_2_ppc64le.whl", hash = "sha256:d85a6e9180e53cde95c95dfeb05a2ac94ead4d9d803a8fd186d2719a678b8483", size = 2788332, upload-time = "2026-08-30T21:42:39.412Z" },
    { url = "https://files.pythonhosted.org/packages/5d/ad/db927fbe23f621dd292a6332a19822703084617c0281a88156a8c138d4e0/rapidfuzz-3.14.6-cp312-cp312-musllinux_1_2_riscv64.whl", hash = "sha256:35db2670f69fa3a4eb4741055581477ff92f2cf39e7e06f43ebcb97c2192fe7c", size = 2510540, upload-time = "2026-08-30T21:42:41.629Z" },
    { url = "https://files.pythonhosted.org/packages/2d/b2/8e9012968fab837babe1292edcbe1c972605f5b3af19c7fcac2ded731d39/rapidfuzz-3.14.6-cp312-cp312-musllinux_1_2_s390x.whl", hash = "sha256:f9d93e5424d1e4c103b57906b8beba270e680afda3ffdff7ea3bc6173b37083c", size = 3299876, upload-time = "2026-08-30T21:42:43.803Z" },
    { url = "https://files.pythonhosted.org/packages/19/99/799ce99328ea97fe5d7510048ffea148b8ad4a838366f908691be52342a5/rapidfuzz-3.14.6-cp312-cp312-musllinux_1_2_x86_64.whl", hash = "sha256:f9b0a501f37fb852c54469375baa25874246b3bbc8b6e21fb4cd186a32335868", size = 4277032, upload-time = "2026-08-30T21:42:46.08Z" },
    { url = "https://files.pythonhosted.org/packages/07/8a/995b4746c5bc1f561e64de1fa546927183fec7a369fe988716ef394a6d0a/rapidfuzz-3.14.6-cp312-cp312-win32.whl", hash = "sha256:9e974251a9833791bc557b46f975676a56c2d58946f795cd2964b095496dfdcc", size = 1887051, upload-time = "2026-08-30T21:42:48.265Z" },
    { url = "https://files.pythonhosted.org/packages/84/c4/12f01df5778227c8655fcd9b429fc001d43270f5d8d154edc9066bab1de3/rapidfuzz-3.14.6-cp312-cp312-win_amd64.whl", hash = "sha256:cfca36e4612208875e08611a779164b6cb8900ab8bbd3d82d4cfdfae9efbfac9", size = 1731992, upload-time = "2026-08-30T21:42:50.211Z" },
    { url = "https://files.pythonhosted.org/packages/19/8d/92217f0bc81ec458b4134ad53714b1be0cd3be21494227d73510b06467d6/rapidfuzz-3.14.6-cp312-cp312-win_arm64.whl", hash = "sha256:96bbd5a1c67d135334d02fae74f1d933fdda204ea03d544a59dab6b1cbfbf565", size = 1186693, upload-time = "2026-08-30T21:42:52.63Z" },
]
